github.com/kkdai/line-bot-sdk-go v7.4.3+incompatible h1:4eygRafdFRczNP++y4YiK+VWsQ6xo49kRIleANO7Pzo=
github.com/kkdai/line-bot-sdk-go v7.4.3+incompatible/go.mod h1:G8ZdzE4krL01/9/QkaphgJPsbS5xtoaVIusHWU0tVqs=
github.com/line/line-bot-sdk-go v7.4.0+incompatible h1:YIXstgzt9OBRWEUYxZZMsR4rdDIK8wc3RntG/s6kD4s=
github.com/line/line-bot-sdk-go v7.4.0+incompatible/go.mod h1:0RjLjJEAU/3GIcHkC3av6O4jInAbt25nnZVmOFUgDBg=
